// !$*UTF8*$!
{
	archiveVersion = 1;
	classes = {
	};
	objectVersion = 56;
	objects = {

/* Begin PBXBuildFile section */
		EC197DFF2ACCAF5E00109EBD /* ContenView-ViewModel.swift in Sources */ = {isa = PBXBuildFile; fileRef = EC197DFE2ACCAF5E00109EBD /* ContenView-ViewModel.swift */; };
		EC1A1D292ACA19FD003CB38B /* SkiDetailsView.swift in Sources */ = {isa = PBXBuildFile; fileRef = EC1A1D282ACA19FD003CB38B /* SkiDetailsView.swift */; };
		EC1A1D2B2ACA1B33003CB38B /* ResortDetailView.swift in Sources */ = {isa = PBXBuildFile; fileRef = EC1A1D2A2ACA1B33003CB38B /* ResortDetailView.swift */; };
		EC1B60292ACC724100FB1955 /* Facility.swift in Sources */ = {isa = PBXBuildFile; fileRef = EC1B60282ACC724100FB1955 /* Facility.swift */; };
		EC1B602B2ACC79B000FB1955 /* Favorites.swift in Sources */ = {isa = PBXBuildFile; fileRef = EC1B602A2ACC79B000FB1955 /* Favorites.swift */; };
		EC244B502AC8754000F15C14 /* SnowSeekerApp.swift in Sources */ = {isa = PBXBuildFile; fileRef = EC244B4F2AC8754000F15C14 /* SnowSeekerApp.swift */; };
		EC244B522AC8754000F15C14 /* ContentView.swift in Sources */ = {isa = PBXBuildFile; fileRef = EC244B512AC8754000F15C14 /* ContentView.swift */; };
		EC244B542AC8754200F15C14 /* Assets.xcassets in Resources */ = {isa = PBXBuildFile; fileRef = EC244B532AC8754200F15C14 /* Assets.xcassets */; };
		EC244B572AC8754200F15C14 /* Preview Assets.xcassets in Resources */ = {isa = PBXBuildFile; fileRef = EC244B562AC8754200F15C14 /* Preview Assets.xcassets */; };
		EC6920D62AC99DBA000DCEDF /* Resort.swift in Sources */ = {isa = PBXBuildFile; fileRef = EC6920D52AC99DBA000DCEDF /* Resort.swift */; };
		EC6920D82AC99E5A000DCEDF /* Bundle+Decodable.swift in Sources */ = {isa = PBXBuildFile; fileRef = EC6920D72AC99E5A000DCEDF /* Bundle+Decodable.swift */; };
		EC6920DA2AC9A27A000DCEDF /* resorts.json in Resources */ = {isa = PBXBuildFile; fileRef = EC6920D92AC9A27A000DCEDF /* resorts.json */; };
		EC6920DC2AC9A5C1000DCEDF /* WelcomeView.swift in Sources */ = {isa = PBXBuildFile; fileRef = EC6920DB2AC9A5C1000DCEDF /* WelcomeView.swift */; };
		EC6920DE2AC9A8E3000DCEDF /* ResortView.swift in Sources */ = {isa = PBXBuildFile; fileRef = EC6920DD2AC9A8E3000DCEDF /* ResortView.swift */; };
/* End PBXBuildFile section */

/* Begin PBXFileReference section */
		EC197DFE2ACCAF5E00109EBD /* ContenView-ViewModel.swift */ = {isa = PBXFileReference; lastKnownFileType = sourcecode.swift; path = "ContenView-ViewModel.swift"; sourceTree = "<group>"; };
		EC1A1D282ACA19FD003CB38B /* SkiDetailsView.swift */ = {isa = PBXFileReference; lastKnownFileType = sourcecode.swift; path = SkiDetailsView.swift; sourceTree = "<group>"; };
		EC1A1D2A2ACA1B33003CB38B /* ResortDetailView.swift */ = {isa = PBXFileReference; lastKnownFileType = sourcecode.swift; path = ResortDetailView.swift; sourceTree = "<group>"; };
		EC1B60282ACC724100FB1955 /* Facility.swift */ = {isa = PBXFileReference; lastKnownFileType = sourcecode.swift; path = Facility.swift; sourceTree = "<group>"; };
		EC1B602A2ACC79B000FB1955 /* Favorites.swift */ = {isa = PBXFileReference; lastKnownFileType = sourcecode.swift; path = Favorites.swift; sourceTree = "<group>"; };
		EC244B4C2AC8754000F15C14 /* SnowSeeker.app */ = {isa = PBXFileReference; explicitFileType = wrapper.application; includeInIndex = 0; path = SnowSeeker.app; sourceTree = BUILT_PRODUCTS_DIR; };
		EC244B4F2AC8754000F15C14 /* SnowSeekerApp.swift */ = {isa = PBXFileReference; lastKnownFileType = sourcecode.swift; path = SnowSeekerApp.swift; sourceTree = "<group>"; };
		EC244B512AC8754000F15C14 /* ContentView.swift */ = {isa = PBXFileReference; lastKnownFileType = sourcecode.swift; path = ContentView.swift; sourceTree = "<group>"; };
		EC244B532AC8754200F15C14 /* Assets.xcassets */ = {isa = PBXFileReference; lastKnownFileType = folder.assetcatalog; path = Assets.xcassets; sourceTree = "<group>"; };
		EC244B562AC8754200F15C14 /* Preview Assets.xcassets */ = {isa = PBXFileReference; lastKnownFileType = folder.assetcatalog; path = "Preview Assets.xcassets"; sourceTree = "<group>"; };
		EC6920D52AC99DBA000DCEDF /* Resort.swift */ = {isa = PBXFileReference; lastKnownFileType = sourcecode.swift; path = Resort.swift; sourceTree = "<group>"; };
		EC6920D72AC99E5A000DCEDF /* Bundle+Decodable.swift */ = {isa = PBXFileReference; lastKnownFileType = sourcecode.swift; path = "Bundle+Decodable.swift"; sourceTree = "<group>"; };
		EC6920D92AC9A27A000DCEDF /* resorts.json */ = {isa = PBXFileReference; fileEncoding = 4; lastKnownFileType = text.json; path = resorts.json; sourceTree = "<group>"; };
		EC6920DB2AC9A5C1000DCEDF /* WelcomeView.swift */ = {isa = PBXFileReference; lastKnownFileType = sourcecode.swift; path = WelcomeView.swift; sourceTree = "<group>"; };
		EC6920DD2AC9A8E3000DCEDF /* ResortView.swift */ = {isa = PBXFileReference; lastKnownFileType = sourcecode.swift; path = ResortView.swift; sourceTree = "<group>"; };
/* End PBXFileReference section */

/* Begin PBXFrameworksBuildPhase section */
		EC244B492AC8754000F15C14 /* Frameworks */ = {
			isa = PBXFrameworksBuildPhase;
			buildActionMask = 2147483647;
			files = (
			);
			runOnlyForDeploymentPostprocessing = 0;
		};
/* End PBXFrameworksBuildPhase section */

/* Begin PBXGroup section */
		EC244B432AC8754000F15C14 = {
			isa = PBXGroup;
			children = (
				EC244B4E2AC8754000F15C14 /* SnowSeeker */,
				EC244B4D2AC8754000F15C14 /* Products */,
			);
			sourceTree = "<group>";
		};
		EC244B4D2AC8754000F15C14 /* Products */ = {
			isa = PBXGroup;
			children = (
				EC244B4C2AC8754000F15C14 /* SnowSeeker.app */,
			);
			name = Products;
			sourceTree = "<group>";
		};
		EC244B4E2AC8754000F15C14 /* SnowSeeker */ = {
			isa = PBXGroup;
			children = (
				EC244B4F2AC8754000F15C14 /* SnowSeekerApp.swift */,
				EC244B512AC8754000F15C14 /* ContentView.swift */,
				EC197DFE2ACCAF5E00109EBD /* ContenView-ViewModel.swift */,
				EC1B602A2ACC79B000FB1955 /* Favorites.swift */,
				EC6920DD2AC9A8E3000DCEDF /* ResortView.swift */,
				EC1B60282ACC724100FB1955 /* Facility.swift */,
				EC1A1D282ACA19FD003CB38B /* SkiDetailsView.swift */,
				EC1A1D2A2ACA1B33003CB38B /* ResortDetailView.swift */,
				EC6920DB2AC9A5C1000DCEDF /* WelcomeView.swift */,
				EC6920D52AC99DBA000DCEDF /* Resort.swift */,
				EC6920D72AC99E5A000DCEDF /* Bundle+Decodable.swift */,
				EC244B532AC8754200F15C14 /* Assets.xcassets */,
				EC6920D92AC9A27A000DCEDF /* resorts.json */,
				EC244B552AC8754200F15C14 /* Preview Content */,
			);
			path = SnowSeeker;
			sourceTree = "<group>";
		};
		EC244B552AC8754200F15C14 /* Preview Content */ = {
			isa = PBXGroup;
			children = (
				EC244B562AC8754200F15C14 /* Preview Assets.xcassets */,
			);
			path = "Preview Content";
			sourceTree = "<group>";
		};
/* End PBXGroup section */

/* Begin PBXNativeTarget section */
		EC244B4B2AC8754000F15C14 /* SnowSeeker */ = {
			isa = PBXNativeTarget;
			buildConfigurationList = EC244B5A2AC8754200F15C14 /* Build configuration list for PBXNativeTarget "SnowSeeker" */;
			buildPhases = (
				EC244B482AC8754000F15C14 /* Sources */,
				EC244B492AC8754000F15C14 /* Frameworks */,
				EC244B4A2AC8754000F15C14 /* Resources */,
			);
			buildRules = (
			);
			dependencies = (
			);
			name = SnowSeeker;
			productName = SnowSeeker;
			productReference = EC244B4C2AC8754000F15C14 /* SnowSeeker.app */;
			productType = "com.apple.product-type.application";
		};
/* End PBXNativeTarget section */

/* Begin PBXProject section */
		EC244B442AC8754000F15C14 /* Project object */ = {
			isa = PBXProject;
			attributes = {
				BuildIndependentTargetsInParallel = 1;
				LastSwiftUpdateCheck = 1500;
				LastUpgradeCheck = 1500;
				TargetAttributes = {
					EC244B4B2AC8754000F15C14 = {
						CreatedOnToolsVersion = 15.0;
					};
				};
			};
			buildConfigurationList = EC244B472AC8754000F15C14 /* Build configuration list for PBXProject "SnowSeeker" */;
			compatibilityVersion = "Xcode 14.0";
			developmentRegion = en;
			hasScannedForEncodings = 0;
			knownRegions = (
				en,
				Base,
			);
			mainGroup = EC244B432AC8754000F15C14;
			productRefGroup = EC244B4D2AC8754000F15C14 /* Products */;
			projectDirPath = "";
			projectRoot = "";
			targets = (
				EC244B4B2AC8754000F15C14 /* SnowSeeker */,
			);
		};
/* End PBXProject section */

/* Begin PBXResourcesBuildPhase section */
		EC244B4A2AC8754000F15C14 /* Resources */ = {
			isa = PBXResourcesBuildPhase;
			buildActionMask = 2147483647;
			files = (
				EC6920DA2AC9A27A000DCEDF /* resorts.json in Resources */,
				EC244B572AC8754200F15C14 /* Preview Assets.xcassets in Resources */,
				EC244B542AC8754200F15C14 /* Assets.xcassets in Resources */,
			);
			runOnlyForDeploymentPostprocessing = 0;
		};
/* End PBXResourcesBuildPhase section */

/* Begin PBXSourcesBuildPhase section */
		EC244B482AC8754000F15C14 /* Sources */ = {
			isa = PBXSourcesBuildPhase;
			buildActionMask = 2147483647;
			files = (
				EC6920DC2AC9A5C1000DCEDF /* WelcomeView.swift in Sources */,
				EC1A1D292ACA19FD003CB38B /* SkiDetailsView.swift in Sources */,
				EC244B522AC8754000F15C14 /* ContentView.swift in Sources */,
				EC1B60292ACC724100FB1955 /* Facility.swift in Sources */,
				EC6920D82AC99E5A000DCEDF /* Bundle+Decodable.swift in Sources */,
				EC1B602B2ACC79B000FB1955 /* Favorites.swift in Sources */,
				EC6920DE2AC9A8E3000DCEDF /* ResortView.swift in Sources */,
				EC197DFF2ACCAF5E00109EBD /* ContenView-ViewModel.swift in Sources */,
				EC6920D62AC99DBA000DCEDF /* Resort.swift in Sources */,
				EC1A1D2B2ACA1B33003CB38B /* ResortDetailView.swift in Sources */,
				EC244B502AC8754000F15C14 /* SnowSeekerApp.swift in Sources */,
			);
			runOnlyForDeploymentPostprocessing = 0;
		};
/* End PBXSourcesBuildPhase section */

/* Begin XCBuildConfiguration section */
		EC244B582AC8754200F15C14 /* Debug */ = {
			isa = XCBuildConfiguration;
			buildSettings = {
				ALWAYS_SEARCH_USER_PATHS = NO;
				ASSETCATALOG_COMPILER_GENERATE_SWIFT_ASSET_SYMBOL_EXTENSIONS = YES;
				CLANG_ANALYZER_NONNULL = YES;
				CLANG_ANALYZER_NUMBER_OBJECT_CONVERSION = YES_AGGRESSIVE;
				CLANG_CXX_LANGUAGE_STANDARD = "gnu++20";
				CLANG_ENABLE_MODULES = YES;
				CLANG_ENABLE_OBJC_ARC = YES;
				CLANG_ENABLE_OBJC_WEAK = YES;
				CLANG_WARN_BLOCK_CAPTURE_AUTORELEASING = YES;
				CLANG_WARN_BOOL_CONVERSION = YES;
				CLANG_WARN_COMMA = YES;
				CLANG_WARN_CONSTANT_CONVERSION = YES;
				CLANG_WARN_DEPRECATED_OBJC_IMPLEMENTATIONS = YES;
				CLANG_WARN_DIRECT_OBJC_ISA_USAGE = YES_ERROR;
				CLANG_WARN_DOCUMENTATION_COMMENTS = YES;
				CLANG_WARN_EMPTY_BODY = YES;
				CLANG_WARN_ENUM_CONVERSION = YES;
				CLANG_WARN_INFINITE_RECURSION = YES;
				CLANG_WARN_INT_CONVERSION = YES;
				CLANG_WARN_NON_LITERAL_NULL_CONVERSION = YES;
				CLANG_WARN_OBJC_IMPLICIT_RETAIN_SELF = YES;
				CLANG_WARN_OBJC_LITERAL_CONVERSION = YES;
				CLANG_WARN_OBJC_ROOT_CLASS = YES_ERROR;
				CLANG_WARN_QUOTED_INCLUDE_IN_FRAMEWORK_HEADER = YES;
				CLANG_WARN_RANGE_LOOP_ANALYSIS = YES;
				CLANG_WARN_STRICT_PROTOTYPES = YES;
				CLANG_WARN_SUSPICIOUS_MOVE = YES;
				CLANG_WARN_UNGUARDED_AVAILABILITY = YES_AGGRESSIVE;
				CLANG_WARN_UNREACHABLE_CODE = YES;
				CLANG_WARN__DUPLICATE_METHOD_MATCH = YES;
				COPY_PHASE_STRIP = NO;
				DEBUG_INFORMATION_FORMAT = dwarf;
				ENABLE_STRICT_OBJC_MSGSEND = YES;
				ENABLE_TESTABILITY = YES;
				ENABLE_USER_SCRIPT_SANDBOXING = YES;
				GCC_C_LANGUAGE_STANDARD = gnu17;
				GCC_DYNAMIC_NO_PIC = NO;
				GCC_NO_COMMON_BLOCKS = YES;
				GCC_OPTIMIZATION_LEVEL = 0;
				GCC_PREPROCESSOR_DEFINITIONS = (
					"DEBUG=1",
					"$(inherited)",
				);
				GCC_WARN_64_TO_32_BIT_CONVERSION = YES;
				GCC_WARN_ABOUT_RETURN_TYPE = YES_ERROR;
				GCC_WARN_UNDECLARED_SELECTOR = YES;
				GCC_WARN_UNINITIALIZED_AUTOS = YES_AGGRESSIVE;
				GCC_WARN_UNUSED_FUNCTION = YES;
				GCC_WARN_UNUSED_VARIABLE = YES;
				IPHONEOS_DEPLOYMENT_TARGET = 17.0;
				LOCALIZATION_PREFERS_STRING_CATALOGS = YES;
				MTL_ENABLE_DEBUG_INFO = INCLUDE_SOURCE;
				MTL_FAST_MATH = YES;
				ONLY_ACTIVE_ARCH = YES;
				SDKROOT = iphoneos;
				SWIFT_ACTIVE_COMPILATION_CONDITIONS = "DEBUG $(inherited)";
				SWIFT_OPTIMIZATION_LEVEL = "-Onone";
			};
			name = Debug;
		};
		EC244B592AC8754200F15C14 /* Release */ = {
			isa = XCBuildConfiguration;
			buildSettings = {
				ALWAYS_SEARCH_USER_PATHS = NO;
				ASSETCATALOG_COMPILER_GENERATE_SWIFT_ASSET_SYMBOL_EXTENSIONS = YES;
				CLANG_ANALYZER_NONNULL = YES;
				CLANG_ANALYZER_NUMBER_OBJECT_CONVERSION = YES_AGGRESSIVE;
				CLANG_CXX_LANGUAGE_STANDARD = "gnu++20";
				CLANG_ENABLE_MODULES = YES;
				CLANG_ENABLE_OBJC_ARC = YES;
				CLANG_ENABLE_OBJC_WEAK = YES;
				CLANG_WARN_BLOCK_CAPTURE_AUTORELEASING = YES;
				CLANG_WARN_BOOL_CONVERSION = YES;
				CLANG_WARN_COMMA = YES;
				CLANG_WARN_CONSTANT_CONVERSION = YES;
				CLANG_WARN_DEPRECATED_OBJC_IMPLEMENTATIONS = YES;
				CLANG_WARN_DIRECT_OBJC_ISA_USAGE = YES_ERROR;
				CLANG_WARN_DOCUMENTATION_COMMENTS = YES;
				CLANG_WARN_EMPTY_BODY = YES;
				CLANG_WARN_ENUM_CONVERSION = YES;
				CLANG_WARN_INFINITE_RECURSION = YES;
				CLANG_WARN_INT_CONVERSION = YES;
				CLANG_WARN_NON_LITERAL_NULL_CONVERSION = YES;
				CLANG_WARN_OBJC_IMPLICIT_RETAIN_SELF = YES;
				CLANG_WARN_OBJC_LITERAL_CONVERSION = YES;
				CLANG_WARN_OBJC_ROOT_CLASS = YES_ERROR;
				CLANG_WARN_QUOTED_INCLUDE_IN_FRAMEWORK_HEADER = YES;
				CLANG_WARN_RANGE_LOOP_ANALYSIS = YES;
				CLANG_WARN_STRICT_PROTOTYPES = YES;
				CLANG_WARN_SUSPICIOUS_MOVE = YES;
				CLANG_WARN_UNGUARDED_AVAILABILITY = YES_AGGRESSIVE;
				CLANG_WARN_UNREACHABLE_CODE = YES;
				CLANG_WARN__DUPLICATE_METHOD_MATCH = YES;
				COPY_PHASE_STRIP = NO;
				DEBUG_INFORMATION_FORMAT = "dwarf-with-dsym";
				ENABLE_NS_ASSERTIONS = NO;
				ENABLE_STRICT_OBJC_MSGSEND = YES;
				ENABLE_USER_SCRIPT_SANDBOXING = YES;
				GCC_C_LANGUAGE_STANDARD = gnu17;
				GCC_NO_COMMON_BLOCKS = YES;
				GCC_WARN_64_TO_32_BIT_CONVERSION = YES;
				GCC_WARN_ABOUT_RETURN_TYPE = YES_ERROR;
				GCC_WARN_UNDECLARED_SELECTOR = YES;
				GCC_WARN_UNINITIALIZED_AUTOS = YES_AGGRESSIVE;
				GCC_WARN_UNUSED_FUNCTION = YES;
				GCC_WARN_UNUSED_VARIABLE = YES;
				IPHONEOS_DEPLOYMENT_TARGET = 17.0;
				LOCALIZATION_PREFERS_STRING_CATALOGS = YES;
				MTL_ENABLE_DEBUG_INFO = NO;
				MTL_FAST_MATH = YES;
				SDKROOT = iphoneos;
				SWIFT_COMPILATION_MODE = wholemodule;
				VALIDATE_PRODUCT = YES;
			};
			name = Release;
		};
		EC244B5B2AC8754200F15C14 /* Debug */ = {
			isa = XCBuildConfiguration;
			buildSettings = {
				ASSETCATALOG_COMPILER_APPICON_NAME = AppIcon;
				ASSETCATALOG_COMPILER_GLOBAL_ACCENT_COLOR_NAME = AccentColor;
				CODE_SIGN_STYLE = Automatic;
				CURRENT_PROJECT_VERSION = 1;
				DEVELOPMENT_ASSET_PATHS = "\"SnowSeeker/Preview Content\"";
				DEVELOPMENT_TEAM = K3GPQDGVF5;
				ENABLE_PREVIEWS = YES;
				GENERATE_INFOPLIST_FILE = YES;
				INFOPLIST_KEY_UIApplicationSceneManifest_Generation = YES;
				INFOPLIST_KEY_UIApplicationSupportsIndirectInputEvents = YES;
				INFOPLIST_KEY_UILaunchScreen_Generation = YES;
				INFOPLIST_KEY_UISupportedInterfaceOrientations_iPad = "UIInterfaceOrientationPortrait UIInterfaceOrientationPortraitUpsideDown UIInterfaceOrientationLandscapeLeft UIInterfaceOrientationLandscapeRight";
				INFOPLIST_KEY_UISupportedInterfaceOrientations_iPhone = "UIInterfaceOrientationPortrait UIInterfaceOrientationLandscapeLeft UIInterfaceOrientationLandscapeRight";
				LD_RUNPATH_SEARCH_PATHS = (
					"$(inherited)",
					"@executable_path/Frameworks",
				);
				MARKETING_VERSION = 1.0;
				PRODUCT_BUNDLE_IDENTIFIER = "e-vakker.SnowSeeker";
				PRODUCT_NAME = "$(TARGET_NAME)";
				SWIFT_EMIT_LOC_STRINGS = YES;
				SWIFT_VERSION = 5.0;
				TARGETED_DEVICE_FAMILY = "1,2";
			};
			name = Debug;
		};
		EC244B5C2AC8754200F15C14 /* Release */ = {
			isa = XCBuildConfiguration;
			buildSettings = {
				ASSETCATALOG_COMPILER_APPICON_NAME = AppIcon;
				ASSETCATALOG_COMPILER_GLOBAL_ACCENT_COLOR_NAME = AccentColor;
				CODE_SIGN_STYLE = Automatic;
				CURRENT_PROJECT_VERSION = 1;
				DEVELOPMENT_ASSET_PATHS = "\"SnowSeeker/Preview Content\"";
				DEVELOPMENT_TEAM = K3GPQDGVF5;
				ENABLE_PREVIEWS = YES;
				GENERATE_INFOPLIST_FILE = YES;
				INFOPLIST_KEY_UIApplicationSceneManifest_Generation = YES;
				INFOPLIST_KEY_UIApplicationSupportsIndirectInputEvents = YES;
				INFOPLIST_KEY_UILaunchScreen_Generation = YES;
				INFOPLIST_KEY_UISupportedInterfaceOrientations_iPad = "UIInterfaceOrientationPortrait UIInterfaceOrientationPortraitUpsideDown UIInterfaceOrientationLandscapeLeft UIInterfaceOrientationLandscapeRight";
				INFOPLIST_KEY_UISupportedInterfaceOrientations_iPhone = "UIInterfaceOrientationPortrait UIInterfaceOrientationLandscapeLeft UIInterfaceOrientationLandscapeRight";
				LD_RUNPATH_SEARCH_PATHS = (
					"$(inherited)",
					"@executable_path/Frameworks",
				);
				MARKETING_VERSION = 1.0;
				PRODUCT_BUNDLE_IDENTIFIER = "e-vakker.SnowSeeker";
				PRODUCT_NAME = "$(TARGET_NAME)";
				SWIFT_EMIT_LOC_STRINGS = YES;
				SWIFT_VERSION = 5.0;
				TARGETED_DEVICE_FAMILY = "1,2";
			};
			name = Release;
		};
/* End XCBuildConfiguration section */

/* Begin XCConfigurationList section */
		EC244B472AC8754000F15C14 /* Build configuration list for PBXProject "SnowSeeker" */ = {
			isa = XCConfigurationList;
			buildConfigurations = (
				EC244B582AC8754200F15C14 /* Debug */,
				EC244B592AC8754200F15C14 /* Release */,
			);
			defaultConfigurationIsVisible = 0;
			defaultConfigurationName = Release;
		};
		EC244B5A2AC8754200F15C14 /* Build configuration list for PBXNativeTarget "SnowSeeker" */ = {
			isa = XCConfigurationList;
			buildConfigurations = (
				EC244B5B2AC8754200F15C14 /* Debug */,
				EC244B5C2AC8754200F15C14 /* Release */,
			);
			defaultConfigurationIsVisible = 0;
			defaultConfigurationName = Release;
		};
/* End XCConfigurationList section */
	};
	rootObject = EC244B442AC8754000F15C14 /* Project object */;
}
