// !$*UTF8*$!
{
	archiveVersion = 1;
	classes = {
	};
	objectVersion = 56;
	objects = {

/* Begin PBXBuildFile section */
		EC53AD652A9E8DE300CA2565 /* MemPixApp.swift in Sources */ = {isa = PBXBuildFile; fileRef = EC53AD642A9E8DE300CA2565 /* MemPixApp.swift */; };
		EC53AD672A9E8DE300CA2565 /* ContentView.swift in Sources */ = {isa = PBXBuildFile; fileRef = EC53AD662A9E8DE300CA2565 /* ContentView.swift */; };
		EC53AD692A9E8DE400CA2565 /* Assets.xcassets in Resources */ = {isa = PBXBuildFile; fileRef = EC53AD682A9E8DE400CA2565 /* Assets.xcassets */; };
		EC53AD6C2A9E8DE400CA2565 /* Preview Assets.xcassets in Resources */ = {isa = PBXBuildFile; fileRef = EC53AD6B2A9E8DE400CA2565 /* Preview Assets.xcassets */; };
		EC53AD732A9E8F2100CA2565 /* ImagePicker.swift in Sources */ = {isa = PBXBuildFile; fileRef = EC53AD722A9E8F2100CA2565 /* ImagePicker.swift */; };
		EC53AD762A9E96D500CA2565 /* MemPix.xcdatamodeld in Sources */ = {isa = PBXBuildFile; fileRef = EC53AD742A9E96D500CA2565 /* MemPix.xcdatamodeld */; };
		EC53AD782A9E976600CA2565 /* PersistenceController.swift in Sources */ = {isa = PBXBuildFile; fileRef = EC53AD772A9E976600CA2565 /* PersistenceController.swift */; };
		EC53AD7A2A9EA20800CA2565 /* Contact+Extensions.swift in Sources */ = {isa = PBXBuildFile; fileRef = EC53AD792A9EA20800CA2565 /* Contact+Extensions.swift */; };
		EC53AD7E2A9FF88200CA2565 /* AddPerson.swift in Sources */ = {isa = PBXBuildFile; fileRef = EC53AD7D2A9FF88200CA2565 /* AddPerson.swift */; };
		ECC2FBF32AA7CCAD00DD0114 /* Rounded+ViewModifier.swift in Sources */ = {isa = PBXBuildFile; fileRef = ECC2FBF22AA7CCAD00DD0114 /* Rounded+ViewModifier.swift */; };
		ECC2FBF72AA7DAD600DD0114 /* Place.swift in Sources */ = {isa = PBXBuildFile; fileRef = ECC2FBF62AA7DAD600DD0114 /* Place.swift */; };
		ECE026FA2AA20BB700D3D26B /* PersonRow.swift in Sources */ = {isa = PBXBuildFile; fileRef = ECE026F92AA20BB700D3D26B /* PersonRow.swift */; };
		ECE026FC2AA212EB00D3D26B /* PersonDetailView.swift in Sources */ = {isa = PBXBuildFile; fileRef = ECE026FB2AA212EB00D3D26B /* PersonDetailView.swift */; };
		ECE027022AA519F300D3D26B /* FileManager+Extensions.swift in Sources */ = {isa = PBXBuildFile; fileRef = ECE027012AA519F300D3D26B /* FileManager+Extensions.swift */; };
/* End PBXBuildFile section */

/* Begin PBXFileReference section */
		EC53AD612A9E8DE300CA2565 /* MemPix.app */ = {isa = PBXFileReference; explicitFileType = wrapper.application; includeInIndex = 0; path = MemPix.app; sourceTree = BUILT_PRODUCTS_DIR; };
		EC53AD642A9E8DE300CA2565 /* MemPixApp.swift */ = {isa = PBXFileReference; lastKnownFileType = sourcecode.swift; path = MemPixApp.swift; sourceTree = "<group>"; };
		EC53AD662A9E8DE300CA2565 /* ContentView.swift */ = {isa = PBXFileReference; lastKnownFileType = sourcecode.swift; path = ContentView.swift; sourceTree = "<group>"; };
		EC53AD682A9E8DE400CA2565 /* Assets.xcassets */ = {isa = PBXFileReference; lastKnownFileType = folder.assetcatalog; path = Assets.xcassets; sourceTree = "<group>"; };
		EC53AD6B2A9E8DE400CA2565 /* Preview Assets.xcassets */ = {isa = PBXFileReference; lastKnownFileType = folder.assetcatalog; path = "Preview Assets.xcassets"; sourceTree = "<group>"; };
		EC53AD722A9E8F2100CA2565 /* ImagePicker.swift */ = {isa = PBXFileReference; lastKnownFileType = sourcecode.swift; path = ImagePicker.swift; sourceTree = "<group>"; };
		EC53AD752A9E96D500CA2565 /* MemPix.xcdatamodel */ = {isa = PBXFileReference; lastKnownFileType = wrapper.xcdatamodel; path = MemPix.xcdatamodel; sourceTree = "<group>"; };
		EC53AD772A9E976600CA2565 /* PersistenceController.swift */ = {isa = PBXFileReference; lastKnownFileType = sourcecode.swift; path = PersistenceController.swift; sourceTree = "<group>"; };
		EC53AD792A9EA20800CA2565 /* Contact+Extensions.swift */ = {isa = PBXFileReference; lastKnownFileType = sourcecode.swift; path = "Contact+Extensions.swift"; sourceTree = "<group>"; };
		EC53AD7D2A9FF88200CA2565 /* AddPerson.swift */ = {isa = PBXFileReference; lastKnownFileType = sourcecode.swift; path = AddPerson.swift; sourceTree = "<group>"; };
		ECC2FBF22AA7CCAD00DD0114 /* Rounded+ViewModifier.swift */ = {isa = PBXFileReference; lastKnownFileType = sourcecode.swift; path = "Rounded+ViewModifier.swift"; sourceTree = "<group>"; };
		ECC2FBF62AA7DAD600DD0114 /* Place.swift */ = {isa = PBXFileReference; lastKnownFileType = sourcecode.swift; path = Place.swift; sourceTree = "<group>"; };
		ECE026F92AA20BB700D3D26B /* PersonRow.swift */ = {isa = PBXFileReference; lastKnownFileType = sourcecode.swift; path = PersonRow.swift; sourceTree = "<group>"; };
		ECE026FB2AA212EB00D3D26B /* PersonDetailView.swift */ = {isa = PBXFileReference; lastKnownFileType = sourcecode.swift; path = PersonDetailView.swift; sourceTree = "<group>"; };
		ECE027012AA519F300D3D26B /* FileManager+Extensions.swift */ = {isa = PBXFileReference; lastKnownFileType = sourcecode.swift; path = "FileManager+Extensions.swift"; sourceTree = "<group>"; };
/* End PBXFileReference section */

/* Begin PBXFrameworksBuildPhase section */
		EC53AD5E2A9E8DE300CA2565 /* Frameworks */ = {
			isa = PBXFrameworksBuildPhase;
			buildActionMask = 2147483647;
			files = (
			);
			runOnlyForDeploymentPostprocessing = 0;
		};
/* End PBXFrameworksBuildPhase section */

/* Begin PBXGroup section */
		EC53AD582A9E8DE300CA2565 = {
			isa = PBXGroup;
			children = (
				EC53AD632A9E8DE300CA2565 /* MemPix */,
				EC53AD622A9E8DE300CA2565 /* Products */,
			);
			sourceTree = "<group>";
		};
		EC53AD622A9E8DE300CA2565 /* Products */ = {
			isa = PBXGroup;
			children = (
				EC53AD612A9E8DE300CA2565 /* MemPix.app */,
			);
			name = Products;
			sourceTree = "<group>";
		};
		EC53AD632A9E8DE300CA2565 /* MemPix */ = {
			isa = PBXGroup;
			children = (
				EC53AD642A9E8DE300CA2565 /* MemPixApp.swift */,
				EC53AD722A9E8F2100CA2565 /* ImagePicker.swift */,
				EC53AD662A9E8DE300CA2565 /* ContentView.swift */,
				ECE026FB2AA212EB00D3D26B /* PersonDetailView.swift */,
				EC53AD7D2A9FF88200CA2565 /* AddPerson.swift */,
				ECE026F92AA20BB700D3D26B /* PersonRow.swift */,
				EC53AD772A9E976600CA2565 /* PersistenceController.swift */,
				ECE027012AA519F300D3D26B /* FileManager+Extensions.swift */,
				EC53AD792A9EA20800CA2565 /* Contact+Extensions.swift */,
				ECC2FBF62AA7DAD600DD0114 /* Place.swift */,
				ECC2FBF22AA7CCAD00DD0114 /* Rounded+ViewModifier.swift */,
				EC53AD682A9E8DE400CA2565 /* Assets.xcassets */,
				EC53AD742A9E96D500CA2565 /* MemPix.xcdatamodeld */,
				EC53AD6A2A9E8DE400CA2565 /* Preview Content */,
			);
			path = MemPix;
			sourceTree = "<group>";
		};
		EC53AD6A2A9E8DE400CA2565 /* Preview Content */ = {
			isa = PBXGroup;
			children = (
				EC53AD6B2A9E8DE400CA2565 /* Preview Assets.xcassets */,
			);
			path = "Preview Content";
			sourceTree = "<group>";
		};
/* End PBXGroup section */

/* Begin PBXNativeTarget section */
		EC53AD602A9E8DE300CA2565 /* MemPix */ = {
			isa = PBXNativeTarget;
			buildConfigurationList = EC53AD6F2A9E8DE400CA2565 /* Build configuration list for PBXNativeTarget "MemPix" */;
			buildPhases = (
				EC53AD5D2A9E8DE300CA2565 /* Sources */,
				EC53AD5E2A9E8DE300CA2565 /* Frameworks */,
				EC53AD5F2A9E8DE300CA2565 /* Resources */,
			);
			buildRules = (
			);
			dependencies = (
			);
			name = MemPix;
			productName = MemPix;
			productReference = EC53AD612A9E8DE300CA2565 /* MemPix.app */;
			productType = "com.apple.product-type.application";
		};
/* End PBXNativeTarget section */

/* Begin PBXProject section */
		EC53AD592A9E8DE300CA2565 /* Project object */ = {
			isa = PBXProject;
			attributes = {
				BuildIndependentTargetsInParallel = 1;
				LastSwiftUpdateCheck = 1430;
				LastUpgradeCheck = 1430;
				TargetAttributes = {
					EC53AD602A9E8DE300CA2565 = {
						CreatedOnToolsVersion = 14.3.1;
					};
				};
			};
			buildConfigurationList = EC53AD5C2A9E8DE300CA2565 /* Build configuration list for PBXProject "MemPix" */;
			compatibilityVersion = "Xcode 14.0";
			developmentRegion = en;
			hasScannedForEncodings = 0;
			knownRegions = (
				en,
				Base,
			);
			mainGroup = EC53AD582A9E8DE300CA2565;
			productRefGroup = EC53AD622A9E8DE300CA2565 /* Products */;
			projectDirPath = "";
			projectRoot = "";
			targets = (
				EC53AD602A9E8DE300CA2565 /* MemPix */,
			);
		};
/* End PBXProject section */

/* Begin PBXResourcesBuildPhase section */
		EC53AD5F2A9E8DE300CA2565 /* Resources */ = {
			isa = PBXResourcesBuildPhase;
			buildActionMask = 2147483647;
			files = (
				EC53AD6C2A9E8DE400CA2565 /* Preview Assets.xcassets in Resources */,
				EC53AD692A9E8DE400CA2565 /* Assets.xcassets in Resources */,
			);
			runOnlyForDeploymentPostprocessing = 0;
		};
/* End PBXResourcesBuildPhase section */

/* Begin PBXSourcesBuildPhase section */
		EC53AD5D2A9E8DE300CA2565 /* Sources */ = {
			isa = PBXSourcesBuildPhase;
			buildActionMask = 2147483647;
			files = (
				EC53AD782A9E976600CA2565 /* PersistenceController.swift in Sources */,
				ECC2FBF72AA7DAD600DD0114 /* Place.swift in Sources */,
				ECE026FA2AA20BB700D3D26B /* PersonRow.swift in Sources */,
				ECE026FC2AA212EB00D3D26B /* PersonDetailView.swift in Sources */,
				ECE027022AA519F300D3D26B /* FileManager+Extensions.swift in Sources */,
				EC53AD732A9E8F2100CA2565 /* ImagePicker.swift in Sources */,
				EC53AD7E2A9FF88200CA2565 /* AddPerson.swift in Sources */,
				EC53AD7A2A9EA20800CA2565 /* Contact+Extensions.swift in Sources */,
				EC53AD672A9E8DE300CA2565 /* ContentView.swift in Sources */,
				EC53AD652A9E8DE300CA2565 /* MemPixApp.swift in Sources */,
				ECC2FBF32AA7CCAD00DD0114 /* Rounded+ViewModifier.swift in Sources */,
				EC53AD762A9E96D500CA2565 /* MemPix.xcdatamodeld in Sources */,
			);
			runOnlyForDeploymentPostprocessing = 0;
		};
/* End PBXSourcesBuildPhase section */

/* Begin XCBuildConfiguration section */
		EC53AD6D2A9E8DE400CA2565 /* Debug */ = {
			isa = XCBuildConfiguration;
			buildSettings = {
				ALWAYS_SEARCH_USER_PATHS = NO;
				CLANG_ANALYZER_NONNULL = YES;
				CLANG_ANALYZER_NUMBER_OBJECT_CONVERSION = YES_AGGRESSIVE;
				CLANG_CXX_LANGUAGE_STANDARD = "gnu++20";
				CLANG_ENABLE_MODULES = YES;
				CLANG_ENABLE_OBJC_ARC = YES;
				CLANG_ENABLE_OBJC_WEAK = YES;
				CLANG_WARN_BLOCK_CAPTURE_AUTORELEASING = YES;
				CLANG_WARN_BOOL_CONVERSION = YES;
				CLANG_WARN_COMMA = YES;
				CLANG_WARN_CONSTANT_CONVERSION = YES;
				CLANG_WARN_DEPRECATED_OBJC_IMPLEMENTATIONS = YES;
				CLANG_WARN_DIRECT_OBJC_ISA_USAGE = YES_ERROR;
				CLANG_WARN_DOCUMENTATION_COMMENTS = YES;
				CLANG_WARN_EMPTY_BODY = YES;
				CLANG_WARN_ENUM_CONVERSION = YES;
				CLANG_WARN_INFINITE_RECURSION = YES;
				CLANG_WARN_INT_CONVERSION = YES;
				CLANG_WARN_NON_LITERAL_NULL_CONVERSION = YES;
				CLANG_WARN_OBJC_IMPLICIT_RETAIN_SELF = YES;
				CLANG_WARN_OBJC_LITERAL_CONVERSION = YES;
				CLANG_WARN_OBJC_ROOT_CLASS = YES_ERROR;
				CLANG_WARN_QUOTED_INCLUDE_IN_FRAMEWORK_HEADER = YES;
				CLANG_WARN_RANGE_LOOP_ANALYSIS = YES;
				CLANG_WARN_STRICT_PROTOTYPES = YES;
				CLANG_WARN_SUSPICIOUS_MOVE = YES;
				CLANG_WARN_UNGUARDED_AVAILABILITY = YES_AGGRESSIVE;
				CLANG_WARN_UNREACHABLE_CODE = YES;
				CLANG_WARN__DUPLICATE_METHOD_MATCH = YES;
				COPY_PHASE_STRIP = NO;
				DEBUG_INFORMATION_FORMAT = dwarf;
				ENABLE_STRICT_OBJC_MSGSEND = YES;
				ENABLE_TESTABILITY = YES;
				GCC_C_LANGUAGE_STANDARD = gnu11;
				GCC_DYNAMIC_NO_PIC = NO;
				GCC_NO_COMMON_BLOCKS = YES;
				GCC_OPTIMIZATION_LEVEL = 0;
				GCC_PREPROCESSOR_DEFINITIONS = (
					"DEBUG=1",
					"$(inherited)",
				);
				GCC_WARN_64_TO_32_BIT_CONVERSION = YES;
				GCC_WARN_ABOUT_RETURN_TYPE = YES_ERROR;
				GCC_WARN_UNDECLARED_SELECTOR = YES;
				GCC_WARN_UNINITIALIZED_AUTOS = YES_AGGRESSIVE;
				GCC_WARN_UNUSED_FUNCTION = YES;
				GCC_WARN_UNUSED_VARIABLE = YES;
				IPHONEOS_DEPLOYMENT_TARGET = 16.4;
				MTL_ENABLE_DEBUG_INFO = INCLUDE_SOURCE;
				MTL_FAST_MATH = YES;
				ONLY_ACTIVE_ARCH = YES;
				SDKROOT = iphoneos;
				SWIFT_ACTIVE_COMPILATION_CONDITIONS = DEBUG;
				SWIFT_OPTIMIZATION_LEVEL = "-Onone";
			};
			name = Debug;
		};
		EC53AD6E2A9E8DE400CA2565 /* Release */ = {
			isa = XCBuildConfiguration;
			buildSettings = {
				ALWAYS_SEARCH_USER_PATHS = NO;
				CLANG_ANALYZER_NONNULL = YES;
				CLANG_ANALYZER_NUMBER_OBJECT_CONVERSION = YES_AGGRESSIVE;
				CLANG_CXX_LANGUAGE_STANDARD = "gnu++20";
				CLANG_ENABLE_MODULES = YES;
				CLANG_ENABLE_OBJC_ARC = YES;
				CLANG_ENABLE_OBJC_WEAK = YES;
				CLANG_WARN_BLOCK_CAPTURE_AUTORELEASING = YES;
				CLANG_WARN_BOOL_CONVERSION = YES;
				CLANG_WARN_COMMA = YES;
				CLANG_WARN_CONSTANT_CONVERSION = YES;
				CLANG_WARN_DEPRECATED_OBJC_IMPLEMENTATIONS = YES;
				CLANG_WARN_DIRECT_OBJC_ISA_USAGE = YES_ERROR;
				CLANG_WARN_DOCUMENTATION_COMMENTS = YES;
				CLANG_WARN_EMPTY_BODY = YES;
				CLANG_WARN_ENUM_CONVERSION = YES;
				CLANG_WARN_INFINITE_RECURSION = YES;
				CLANG_WARN_INT_CONVERSION = YES;
				CLANG_WARN_NON_LITERAL_NULL_CONVERSION = YES;
				CLANG_WARN_OBJC_IMPLICIT_RETAIN_SELF = YES;
				CLANG_WARN_OBJC_LITERAL_CONVERSION = YES;
				CLANG_WARN_OBJC_ROOT_CLASS = YES_ERROR;
				CLANG_WARN_QUOTED_INCLUDE_IN_FRAMEWORK_HEADER = YES;
				CLANG_WARN_RANGE_LOOP_ANALYSIS = YES;
				CLANG_WARN_STRICT_PROTOTYPES = YES;
				CLANG_WARN_SUSPICIOUS_MOVE = YES;
				CLANG_WARN_UNGUARDED_AVAILABILITY = YES_AGGRESSIVE;
				CLANG_WARN_UNREACHABLE_CODE = YES;
				CLANG_WARN__DUPLICATE_METHOD_MATCH = YES;
				COPY_PHASE_STRIP = NO;
				DEBUG_INFORMATION_FORMAT = "dwarf-with-dsym";
				ENABLE_NS_ASSERTIONS = NO;
				ENABLE_STRICT_OBJC_MSGSEND = YES;
				GCC_C_LANGUAGE_STANDARD = gnu11;
				GCC_NO_COMMON_BLOCKS = YES;
				GCC_WARN_64_TO_32_BIT_CONVERSION = YES;
				GCC_WARN_ABOUT_RETURN_TYPE = YES_ERROR;
				GCC_WARN_UNDECLARED_SELECTOR = YES;
				GCC_WARN_UNINITIALIZED_AUTOS = YES_AGGRESSIVE;
				GCC_WARN_UNUSED_FUNCTION = YES;
				GCC_WARN_UNUSED_VARIABLE = YES;
				IPHONEOS_DEPLOYMENT_TARGET = 16.4;
				MTL_ENABLE_DEBUG_INFO = NO;
				MTL_FAST_MATH = YES;
				SDKROOT = iphoneos;
				SWIFT_COMPILATION_MODE = wholemodule;
				SWIFT_OPTIMIZATION_LEVEL = "-O";
				VALIDATE_PRODUCT = YES;
			};
			name = Release;
		};
		EC53AD702A9E8DE400CA2565 /* Debug */ = {
			isa = XCBuildConfiguration;
			buildSettings = {
				ASSETCATALOG_COMPILER_APPICON_NAME = AppIcon;
				ASSETCATALOG_COMPILER_GLOBAL_ACCENT_COLOR_NAME = AccentColor;
				CODE_SIGN_STYLE = Automatic;
				CURRENT_PROJECT_VERSION = 1;
				DEVELOPMENT_ASSET_PATHS = "\"MemPix/Preview Content\"";
				DEVELOPMENT_TEAM = K3GPQDGVF5;
				ENABLE_PREVIEWS = YES;
				GENERATE_INFOPLIST_FILE = YES;
				INFOPLIST_KEY_NSLocationWhenInUseUsageDescription = "We need you to add the location to the image description";
				INFOPLIST_KEY_UIApplicationSceneManifest_Generation = YES;
				INFOPLIST_KEY_UIApplicationSupportsIndirectInputEvents = YES;
				INFOPLIST_KEY_UILaunchScreen_Generation = YES;
				INFOPLIST_KEY_UISupportedInterfaceOrientations_iPad = "UIInterfaceOrientationPortrait UIInterfaceOrientationPortraitUpsideDown UIInterfaceOrientationLandscapeLeft UIInterfaceOrientationLandscapeRight";
				INFOPLIST_KEY_UISupportedInterfaceOrientations_iPhone = "UIInterfaceOrientationPortrait UIInterfaceOrientationLandscapeLeft UIInterfaceOrientationLandscapeRight";
				LD_RUNPATH_SEARCH_PATHS = (
					"$(inherited)",
					"@executable_path/Frameworks",
				);
				MARKETING_VERSION = 1.0;
				PRODUCT_BUNDLE_IDENTIFIER = "e-vakker.MemPix";
				PRODUCT_NAME = "$(TARGET_NAME)";
				SWIFT_EMIT_LOC_STRINGS = YES;
				SWIFT_VERSION = 5.0;
				TARGETED_DEVICE_FAMILY = "1,2";
			};
			name = Debug;
		};
		EC53AD712A9E8DE400CA2565 /* Release */ = {
			isa = XCBuildConfiguration;
			buildSettings = {
				ASSETCATALOG_COMPILER_APPICON_NAME = AppIcon;
				ASSETCATALOG_COMPILER_GLOBAL_ACCENT_COLOR_NAME = AccentColor;
				CODE_SIGN_STYLE = Automatic;
				CURRENT_PROJECT_VERSION = 1;
				DEVELOPMENT_ASSET_PATHS = "\"MemPix/Preview Content\"";
				DEVELOPMENT_TEAM = K3GPQDGVF5;
				ENABLE_PREVIEWS = YES;
				GENERATE_INFOPLIST_FILE = YES;
				INFOPLIST_KEY_NSLocationWhenInUseUsageDescription = "We need you to add the location to the image description";
				INFOPLIST_KEY_UIApplicationSceneManifest_Generation = YES;
				INFOPLIST_KEY_UIApplicationSupportsIndirectInputEvents = YES;
				INFOPLIST_KEY_UILaunchScreen_Generation = YES;
				INFOPLIST_KEY_UISupportedInterfaceOrientations_iPad = "UIInterfaceOrientationPortrait UIInterfaceOrientationPortraitUpsideDown UIInterfaceOrientationLandscapeLeft UIInterfaceOrientationLandscapeRight";
				INFOPLIST_KEY_UISupportedInterfaceOrientations_iPhone = "UIInterfaceOrientationPortrait UIInterfaceOrientationLandscapeLeft UIInterfaceOrientationLandscapeRight";
				LD_RUNPATH_SEARCH_PATHS = (
					"$(inherited)",
					"@executable_path/Frameworks",
				);
				MARKETING_VERSION = 1.0;
				PRODUCT_BUNDLE_IDENTIFIER = "e-vakker.MemPix";
				PRODUCT_NAME = "$(TARGET_NAME)";
				SWIFT_EMIT_LOC_STRINGS = YES;
				SWIFT_VERSION = 5.0;
				TARGETED_DEVICE_FAMILY = "1,2";
			};
			name = Release;
		};
/* End XCBuildConfiguration section */

/* Begin XCConfigurationList section */
		EC53AD5C2A9E8DE300CA2565 /* Build configuration list for PBXProject "MemPix" */ = {
			isa = XCConfigurationList;
			buildConfigurations = (
				EC53AD6D2A9E8DE400CA2565 /* Debug */,
				EC53AD6E2A9E8DE400CA2565 /* Release */,
			);
			defaultConfigurationIsVisible = 0;
			defaultConfigurationName = Release;
		};
		EC53AD6F2A9E8DE400CA2565 /* Build configuration list for PBXNativeTarget "MemPix" */ = {
			isa = XCConfigurationList;
			buildConfigurations = (
				EC53AD702A9E8DE400CA2565 /* Debug */,
				EC53AD712A9E8DE400CA2565 /* Release */,
			);
			defaultConfigurationIsVisible = 0;
			defaultConfigurationName = Release;
		};
/* End XCConfigurationList section */

/* Begin XCVersionGroup section */
		EC53AD742A9E96D500CA2565 /* MemPix.xcdatamodeld */ = {
			isa = XCVersionGroup;
			children = (
				EC53AD752A9E96D500CA2565 /* MemPix.xcdatamodel */,
			);
			currentVersion = EC53AD752A9E96D500CA2565 /* MemPix.xcdatamodel */;
			path = MemPix.xcdatamodeld;
			sourceTree = "<group>";
			versionGroupType = wrapper.xcdatamodel;
		};
/* End XCVersionGroup section */
	};
	rootObject = EC53AD592A9E8DE300CA2565 /* Project object */;
}
