// !$*UTF8*$!
{
	archiveVersion = 1;
	classes = {
	};
	objectVersion = 56;
	objects = {

/* Begin PBXBuildFile section */
		EC2D5C8B2A82C04600E60728 /* ShipView.swift in Sources */ = {isa = PBXBuildFile; fileRef = EC2D5C8A2A82C04600E60728 /* ShipView.swift */; };
		EC2D5C8E2A82C51C00E60728 /* Singer+CoreDataClass.swift in Sources */ = {isa = PBXBuildFile; fileRef = EC2D5C8C2A82C51C00E60728 /* Singer+CoreDataClass.swift */; };
		EC2D5C8F2A82C51C00E60728 /* Singer+CoreDataProperties.swift in Sources */ = {isa = PBXBuildFile; fileRef = EC2D5C8D2A82C51C00E60728 /* Singer+CoreDataProperties.swift */; };
		EC2D5C912A82C5D400E60728 /* SingerView.swift in Sources */ = {isa = PBXBuildFile; fileRef = EC2D5C902A82C5D400E60728 /* SingerView.swift */; };
		EC2D5C932A82C87300E60728 /* FilteredList.swift in Sources */ = {isa = PBXBuildFile; fileRef = EC2D5C922A82C87300E60728 /* FilteredList.swift */; };
		EC2D5C982A82D71F00E60728 /* Country+CoreDataClass.swift in Sources */ = {isa = PBXBuildFile; fileRef = EC2D5C942A82D71F00E60728 /* Country+CoreDataClass.swift */; };
		EC2D5C992A82D71F00E60728 /* Country+CoreDataProperties.swift in Sources */ = {isa = PBXBuildFile; fileRef = EC2D5C952A82D71F00E60728 /* Country+CoreDataProperties.swift */; };
		EC2D5C9A2A82D71F00E60728 /* Candy+CoreDataClass.swift in Sources */ = {isa = PBXBuildFile; fileRef = EC2D5C962A82D71F00E60728 /* Candy+CoreDataClass.swift */; };
		EC2D5C9B2A82D71F00E60728 /* Candy+CoreDataProperties.swift in Sources */ = {isa = PBXBuildFile; fileRef = EC2D5C972A82D71F00E60728 /* Candy+CoreDataProperties.swift */; };
		EC2D5C9D2A82D8A000E60728 /* CandyView.swift in Sources */ = {isa = PBXBuildFile; fileRef = EC2D5C9C2A82D8A000E60728 /* CandyView.swift */; };
		ECAA63482A80383A00012B38 /* CoreDataProjectApp.swift in Sources */ = {isa = PBXBuildFile; fileRef = ECAA63472A80383A00012B38 /* CoreDataProjectApp.swift */; };
		ECAA634A2A80383A00012B38 /* ContentView.swift in Sources */ = {isa = PBXBuildFile; fileRef = ECAA63492A80383A00012B38 /* ContentView.swift */; };
		ECAA634C2A80383C00012B38 /* Assets.xcassets in Resources */ = {isa = PBXBuildFile; fileRef = ECAA634B2A80383C00012B38 /* Assets.xcassets */; };
		ECAA634F2A80383C00012B38 /* Preview Assets.xcassets in Resources */ = {isa = PBXBuildFile; fileRef = ECAA634E2A80383C00012B38 /* Preview Assets.xcassets */; };
		ECAA63562A80386E00012B38 /* DataController.swift in Sources */ = {isa = PBXBuildFile; fileRef = ECAA63552A80386E00012B38 /* DataController.swift */; };
		ECAA63592A8038B900012B38 /* CoreDataProjectApp.xcdatamodeld in Sources */ = {isa = PBXBuildFile; fileRef = ECAA63572A8038B900012B38 /* CoreDataProjectApp.xcdatamodeld */; };
		ECAA635C2A803BAC00012B38 /* Movie+CoreDataClass.swift in Sources */ = {isa = PBXBuildFile; fileRef = ECAA635A2A803BAC00012B38 /* Movie+CoreDataClass.swift */; };
		ECAA635D2A803BAC00012B38 /* Movie+CoreDataProperties.swift in Sources */ = {isa = PBXBuildFile; fileRef = ECAA635B2A803BAC00012B38 /* Movie+CoreDataProperties.swift */; };
/* End PBXBuildFile section */

/* Begin PBXFileReference section */
		EC2D5C8A2A82C04600E60728 /* ShipView.swift */ = {isa = PBXFileReference; lastKnownFileType = sourcecode.swift; path = ShipView.swift; sourceTree = "<group>"; };
		EC2D5C8C2A82C51C00E60728 /* Singer+CoreDataClass.swift */ = {isa = PBXFileReference; lastKnownFileType = sourcecode.swift; path = "Singer+CoreDataClass.swift"; sourceTree = "<group>"; };
		EC2D5C8D2A82C51C00E60728 /* Singer+CoreDataProperties.swift */ = {isa = PBXFileReference; lastKnownFileType = sourcecode.swift; path = "Singer+CoreDataProperties.swift"; sourceTree = "<group>"; };
		EC2D5C902A82C5D400E60728 /* SingerView.swift */ = {isa = PBXFileReference; lastKnownFileType = sourcecode.swift; path = SingerView.swift; sourceTree = "<group>"; };
		EC2D5C922A82C87300E60728 /* FilteredList.swift */ = {isa = PBXFileReference; lastKnownFileType = sourcecode.swift; path = FilteredList.swift; sourceTree = "<group>"; };
		EC2D5C942A82D71F00E60728 /* Country+CoreDataClass.swift */ = {isa = PBXFileReference; lastKnownFileType = sourcecode.swift; path = "Country+CoreDataClass.swift"; sourceTree = "<group>"; };
		EC2D5C952A82D71F00E60728 /* Country+CoreDataProperties.swift */ = {isa = PBXFileReference; lastKnownFileType = sourcecode.swift; path = "Country+CoreDataProperties.swift"; sourceTree = "<group>"; };
		EC2D5C962A82D71F00E60728 /* Candy+CoreDataClass.swift */ = {isa = PBXFileReference; lastKnownFileType = sourcecode.swift; path = "Candy+CoreDataClass.swift"; sourceTree = "<group>"; };
		EC2D5C972A82D71F00E60728 /* Candy+CoreDataProperties.swift */ = {isa = PBXFileReference; lastKnownFileType = sourcecode.swift; path = "Candy+CoreDataProperties.swift"; sourceTree = "<group>"; };
		EC2D5C9C2A82D8A000E60728 /* CandyView.swift */ = {isa = PBXFileReference; lastKnownFileType = sourcecode.swift; path = CandyView.swift; sourceTree = "<group>"; };
		ECAA63442A80383A00012B38 /* CoreDataProject.app */ = {isa = PBXFileReference; explicitFileType = wrapper.application; includeInIndex = 0; path = CoreDataProject.app; sourceTree = BUILT_PRODUCTS_DIR; };
		ECAA63472A80383A00012B38 /* CoreDataProjectApp.swift */ = {isa = PBXFileReference; lastKnownFileType = sourcecode.swift; path = CoreDataProjectApp.swift; sourceTree = "<group>"; };
		ECAA63492A80383A00012B38 /* ContentView.swift */ = {isa = PBXFileReference; lastKnownFileType = sourcecode.swift; path = ContentView.swift; sourceTree = "<group>"; };
		ECAA634B2A80383C00012B38 /* Assets.xcassets */ = {isa = PBXFileReference; lastKnownFileType = folder.assetcatalog; path = Assets.xcassets; sourceTree = "<group>"; };
		ECAA634E2A80383C00012B38 /* Preview Assets.xcassets */ = {isa = PBXFileReference; lastKnownFileType = folder.assetcatalog; path = "Preview Assets.xcassets"; sourceTree = "<group>"; };
		ECAA63552A80386E00012B38 /* DataController.swift */ = {isa = PBXFileReference; lastKnownFileType = sourcecode.swift; path = DataController.swift; sourceTree = "<group>"; };
		ECAA63582A8038B900012B38 /* CoreDataProjectApp.xcdatamodel */ = {isa = PBXFileReference; lastKnownFileType = wrapper.xcdatamodel; path = CoreDataProjectApp.xcdatamodel; sourceTree = "<group>"; };
		ECAA635A2A803BAC00012B38 /* Movie+CoreDataClass.swift */ = {isa = PBXFileReference; lastKnownFileType = sourcecode.swift; path = "Movie+CoreDataClass.swift"; sourceTree = SOURCE_ROOT; };
		ECAA635B2A803BAC00012B38 /* Movie+CoreDataProperties.swift */ = {isa = PBXFileReference; lastKnownFileType = sourcecode.swift; path = "Movie+CoreDataProperties.swift"; sourceTree = SOURCE_ROOT; };
/* End PBXFileReference section */

/* Begin PBXFrameworksBuildPhase section */
		ECAA63412A80383A00012B38 /* Frameworks */ = {
			isa = PBXFrameworksBuildPhase;
			buildActionMask = 2147483647;
			files = (
			);
			runOnlyForDeploymentPostprocessing = 0;
		};
/* End PBXFrameworksBuildPhase section */

/* Begin PBXGroup section */
		ECAA633B2A80383A00012B38 = {
			isa = PBXGroup;
			children = (
				ECAA63462A80383A00012B38 /* CoreDataProject */,
				ECAA63452A80383A00012B38 /* Products */,
			);
			sourceTree = "<group>";
		};
		ECAA63452A80383A00012B38 /* Products */ = {
			isa = PBXGroup;
			children = (
				ECAA63442A80383A00012B38 /* CoreDataProject.app */,
			);
			name = Products;
			sourceTree = "<group>";
		};
		ECAA63462A80383A00012B38 /* CoreDataProject */ = {
			isa = PBXGroup;
			children = (
				EC2D5C942A82D71F00E60728 /* Country+CoreDataClass.swift */,
				EC2D5C952A82D71F00E60728 /* Country+CoreDataProperties.swift */,
				EC2D5C962A82D71F00E60728 /* Candy+CoreDataClass.swift */,
				EC2D5C972A82D71F00E60728 /* Candy+CoreDataProperties.swift */,
				EC2D5C8C2A82C51C00E60728 /* Singer+CoreDataClass.swift */,
				EC2D5C8D2A82C51C00E60728 /* Singer+CoreDataProperties.swift */,
				EC2D5C902A82C5D400E60728 /* SingerView.swift */,
				EC2D5C922A82C87300E60728 /* FilteredList.swift */,
				ECAA635A2A803BAC00012B38 /* Movie+CoreDataClass.swift */,
				ECAA635B2A803BAC00012B38 /* Movie+CoreDataProperties.swift */,
				ECAA63472A80383A00012B38 /* CoreDataProjectApp.swift */,
				ECAA63492A80383A00012B38 /* ContentView.swift */,
				EC2D5C8A2A82C04600E60728 /* ShipView.swift */,
				ECAA63552A80386E00012B38 /* DataController.swift */,
				ECAA63572A8038B900012B38 /* CoreDataProjectApp.xcdatamodeld */,
				ECAA634B2A80383C00012B38 /* Assets.xcassets */,
				ECAA634D2A80383C00012B38 /* Preview Content */,
				EC2D5C9C2A82D8A000E60728 /* CandyView.swift */,
			);
			path = CoreDataProject;
			sourceTree = "<group>";
		};
		ECAA634D2A80383C00012B38 /* Preview Content */ = {
			isa = PBXGroup;
			children = (
				ECAA634E2A80383C00012B38 /* Preview Assets.xcassets */,
			);
			path = "Preview Content";
			sourceTree = "<group>";
		};
/* End PBXGroup section */

/* Begin PBXNativeTarget section */
		ECAA63432A80383A00012B38 /* CoreDataProject */ = {
			isa = PBXNativeTarget;
			buildConfigurationList = ECAA63522A80383C00012B38 /* Build configuration list for PBXNativeTarget "CoreDataProject" */;
			buildPhases = (
				ECAA63402A80383A00012B38 /* Sources */,
				ECAA63412A80383A00012B38 /* Frameworks */,
				ECAA63422A80383A00012B38 /* Resources */,
			);
			buildRules = (
			);
			dependencies = (
			);
			name = CoreDataProject;
			productName = CoreDataProject;
			productReference = ECAA63442A80383A00012B38 /* CoreDataProject.app */;
			productType = "com.apple.product-type.application";
		};
/* End PBXNativeTarget section */

/* Begin PBXProject section */
		ECAA633C2A80383A00012B38 /* Project object */ = {
			isa = PBXProject;
			attributes = {
				BuildIndependentTargetsInParallel = 1;
				LastSwiftUpdateCheck = 1430;
				LastUpgradeCheck = 1430;
				TargetAttributes = {
					ECAA63432A80383A00012B38 = {
						CreatedOnToolsVersion = 14.3.1;
					};
				};
			};
			buildConfigurationList = ECAA633F2A80383A00012B38 /* Build configuration list for PBXProject "CoreDataProject" */;
			compatibilityVersion = "Xcode 14.0";
			developmentRegion = en;
			hasScannedForEncodings = 0;
			knownRegions = (
				en,
				Base,
			);
			mainGroup = ECAA633B2A80383A00012B38;
			productRefGroup = ECAA63452A80383A00012B38 /* Products */;
			projectDirPath = "";
			projectRoot = "";
			targets = (
				ECAA63432A80383A00012B38 /* CoreDataProject */,
			);
		};
/* End PBXProject section */

/* Begin PBXResourcesBuildPhase section */
		ECAA63422A80383A00012B38 /* Resources */ = {
			isa = PBXResourcesBuildPhase;
			buildActionMask = 2147483647;
			files = (
				ECAA634F2A80383C00012B38 /* Preview Assets.xcassets in Resources */,
				ECAA634C2A80383C00012B38 /* Assets.xcassets in Resources */,
			);
			runOnlyForDeploymentPostprocessing = 0;
		};
/* End PBXResourcesBuildPhase section */

/* Begin PBXSourcesBuildPhase section */
		ECAA63402A80383A00012B38 /* Sources */ = {
			isa = PBXSourcesBuildPhase;
			buildActionMask = 2147483647;
			files = (
				EC2D5C912A82C5D400E60728 /* SingerView.swift in Sources */,
				ECAA634A2A80383A00012B38 /* ContentView.swift in Sources */,
				EC2D5C992A82D71F00E60728 /* Country+CoreDataProperties.swift in Sources */,
				EC2D5C982A82D71F00E60728 /* Country+CoreDataClass.swift in Sources */,
				EC2D5C9D2A82D8A000E60728 /* CandyView.swift in Sources */,
				EC2D5C8F2A82C51C00E60728 /* Singer+CoreDataProperties.swift in Sources */,
				EC2D5C8E2A82C51C00E60728 /* Singer+CoreDataClass.swift in Sources */,
				EC2D5C9B2A82D71F00E60728 /* Candy+CoreDataProperties.swift in Sources */,
				EC2D5C8B2A82C04600E60728 /* ShipView.swift in Sources */,
				ECAA63562A80386E00012B38 /* DataController.swift in Sources */,
				EC2D5C932A82C87300E60728 /* FilteredList.swift in Sources */,
				ECAA63592A8038B900012B38 /* CoreDataProjectApp.xcdatamodeld in Sources */,
				ECAA635C2A803BAC00012B38 /* Movie+CoreDataClass.swift in Sources */,
				ECAA635D2A803BAC00012B38 /* Movie+CoreDataProperties.swift in Sources */,
				ECAA63482A80383A00012B38 /* CoreDataProjectApp.swift in Sources */,
				EC2D5C9A2A82D71F00E60728 /* Candy+CoreDataClass.swift in Sources */,
			);
			runOnlyForDeploymentPostprocessing = 0;
		};
/* End PBXSourcesBuildPhase section */

/* Begin XCBuildConfiguration section */
		ECAA63502A80383C00012B38 /* Debug */ = {
			isa = XCBuildConfiguration;
			buildSettings = {
				ALWAYS_SEARCH_USER_PATHS = NO;
				CLANG_ANALYZER_NONNULL = YES;
				CLANG_ANALYZER_NUMBER_OBJECT_CONVERSION = YES_AGGRESSIVE;
				CLANG_CXX_LANGUAGE_STANDARD = "gnu++20";
				CLANG_ENABLE_MODULES = YES;
				CLANG_ENABLE_OBJC_ARC = YES;
				CLANG_ENABLE_OBJC_WEAK = YES;
				CLANG_WARN_BLOCK_CAPTURE_AUTORELEASING = YES;
				CLANG_WARN_BOOL_CONVERSION = YES;
				CLANG_WARN_COMMA = YES;
				CLANG_WARN_CONSTANT_CONVERSION = YES;
				CLANG_WARN_DEPRECATED_OBJC_IMPLEMENTATIONS = YES;
				CLANG_WARN_DIRECT_OBJC_ISA_USAGE = YES_ERROR;
				CLANG_WARN_DOCUMENTATION_COMMENTS = YES;
				CLANG_WARN_EMPTY_BODY = YES;
				CLANG_WARN_ENUM_CONVERSION = YES;
				CLANG_WARN_INFINITE_RECURSION = YES;
				CLANG_WARN_INT_CONVERSION = YES;
				CLANG_WARN_NON_LITERAL_NULL_CONVERSION = YES;
				CLANG_WARN_OBJC_IMPLICIT_RETAIN_SELF = YES;
				CLANG_WARN_OBJC_LITERAL_CONVERSION = YES;
				CLANG_WARN_OBJC_ROOT_CLASS = YES_ERROR;
				CLANG_WARN_QUOTED_INCLUDE_IN_FRAMEWORK_HEADER = YES;
				CLANG_WARN_RANGE_LOOP_ANALYSIS = YES;
				CLANG_WARN_STRICT_PROTOTYPES = YES;
				CLANG_WARN_SUSPICIOUS_MOVE = YES;
				CLANG_WARN_UNGUARDED_AVAILABILITY = YES_AGGRESSIVE;
				CLANG_WARN_UNREACHABLE_CODE = YES;
				CLANG_WARN__DUPLICATE_METHOD_MATCH = YES;
				COPY_PHASE_STRIP = NO;
				DEBUG_INFORMATION_FORMAT = dwarf;
				ENABLE_STRICT_OBJC_MSGSEND = YES;
				ENABLE_TESTABILITY = YES;
				GCC_C_LANGUAGE_STANDARD = gnu11;
				GCC_DYNAMIC_NO_PIC = NO;
				GCC_NO_COMMON_BLOCKS = YES;
				GCC_OPTIMIZATION_LEVEL = 0;
				GCC_PREPROCESSOR_DEFINITIONS = (
					"DEBUG=1",
					"$(inherited)",
				);
				GCC_WARN_64_TO_32_BIT_CONVERSION = YES;
				GCC_WARN_ABOUT_RETURN_TYPE = YES_ERROR;
				GCC_WARN_UNDECLARED_SELECTOR = YES;
				GCC_WARN_UNINITIALIZED_AUTOS = YES_AGGRESSIVE;
				GCC_WARN_UNUSED_FUNCTION = YES;
				GCC_WARN_UNUSED_VARIABLE = YES;
				IPHONEOS_DEPLOYMENT_TARGET = 16.4;
				MTL_ENABLE_DEBUG_INFO = INCLUDE_SOURCE;
				MTL_FAST_MATH = YES;
				ONLY_ACTIVE_ARCH = YES;
				SDKROOT = iphoneos;
				SWIFT_ACTIVE_COMPILATION_CONDITIONS = DEBUG;
				SWIFT_OPTIMIZATION_LEVEL = "-Onone";
			};
			name = Debug;
		};
		ECAA63512A80383C00012B38 /* Release */ = {
			isa = XCBuildConfiguration;
			buildSettings = {
				ALWAYS_SEARCH_USER_PATHS = NO;
				CLANG_ANALYZER_NONNULL = YES;
				CLANG_ANALYZER_NUMBER_OBJECT_CONVERSION = YES_AGGRESSIVE;
				CLANG_CXX_LANGUAGE_STANDARD = "gnu++20";
				CLANG_ENABLE_MODULES = YES;
				CLANG_ENABLE_OBJC_ARC = YES;
				CLANG_ENABLE_OBJC_WEAK = YES;
				CLANG_WARN_BLOCK_CAPTURE_AUTORELEASING = YES;
				CLANG_WARN_BOOL_CONVERSION = YES;
				CLANG_WARN_COMMA = YES;
				CLANG_WARN_CONSTANT_CONVERSION = YES;
				CLANG_WARN_DEPRECATED_OBJC_IMPLEMENTATIONS = YES;
				CLANG_WARN_DIRECT_OBJC_ISA_USAGE = YES_ERROR;
				CLANG_WARN_DOCUMENTATION_COMMENTS = YES;
				CLANG_WARN_EMPTY_BODY = YES;
				CLANG_WARN_ENUM_CONVERSION = YES;
				CLANG_WARN_INFINITE_RECURSION = YES;
				CLANG_WARN_INT_CONVERSION = YES;
				CLANG_WARN_NON_LITERAL_NULL_CONVERSION = YES;
				CLANG_WARN_OBJC_IMPLICIT_RETAIN_SELF = YES;
				CLANG_WARN_OBJC_LITERAL_CONVERSION = YES;
				CLANG_WARN_OBJC_ROOT_CLASS = YES_ERROR;
				CLANG_WARN_QUOTED_INCLUDE_IN_FRAMEWORK_HEADER = YES;
				CLANG_WARN_RANGE_LOOP_ANALYSIS = YES;
				CLANG_WARN_STRICT_PROTOTYPES = YES;
				CLANG_WARN_SUSPICIOUS_MOVE = YES;
				CLANG_WARN_UNGUARDED_AVAILABILITY = YES_AGGRESSIVE;
				CLANG_WARN_UNREACHABLE_CODE = YES;
				CLANG_WARN__DUPLICATE_METHOD_MATCH = YES;
				COPY_PHASE_STRIP = NO;
				DEBUG_INFORMATION_FORMAT = "dwarf-with-dsym";
				ENABLE_NS_ASSERTIONS = NO;
				ENABLE_STRICT_OBJC_MSGSEND = YES;
				GCC_C_LANGUAGE_STANDARD = gnu11;
				GCC_NO_COMMON_BLOCKS = YES;
				GCC_WARN_64_TO_32_BIT_CONVERSION = YES;
				GCC_WARN_ABOUT_RETURN_TYPE = YES_ERROR;
				GCC_WARN_UNDECLARED_SELECTOR = YES;
				GCC_WARN_UNINITIALIZED_AUTOS = YES_AGGRESSIVE;
				GCC_WARN_UNUSED_FUNCTION = YES;
				GCC_WARN_UNUSED_VARIABLE = YES;
				IPHONEOS_DEPLOYMENT_TARGET = 16.4;
				MTL_ENABLE_DEBUG_INFO = NO;
				MTL_FAST_MATH = YES;
				SDKROOT = iphoneos;
				SWIFT_COMPILATION_MODE = wholemodule;
				SWIFT_OPTIMIZATION_LEVEL = "-O";
				VALIDATE_PRODUCT = YES;
			};
			name = Release;
		};
		ECAA63532A80383C00012B38 /* Debug */ = {
			isa = XCBuildConfiguration;
			buildSettings = {
				ASSETCATALOG_COMPILER_APPICON_NAME = AppIcon;
				ASSETCATALOG_COMPILER_GLOBAL_ACCENT_COLOR_NAME = AccentColor;
				CODE_SIGN_STYLE = Automatic;
				CURRENT_PROJECT_VERSION = 1;
				DEVELOPMENT_ASSET_PATHS = "\"CoreDataProject/Preview Content\"";
				DEVELOPMENT_TEAM = K3GPQDGVF5;
				ENABLE_PREVIEWS = YES;
				GENERATE_INFOPLIST_FILE = YES;
				INFOPLIST_KEY_UIApplicationSceneManifest_Generation = YES;
				INFOPLIST_KEY_UIApplicationSupportsIndirectInputEvents = YES;
				INFOPLIST_KEY_UILaunchScreen_Generation = YES;
				INFOPLIST_KEY_UISupportedInterfaceOrientations_iPad = "UIInterfaceOrientationPortrait UIInterfaceOrientationPortraitUpsideDown UIInterfaceOrientationLandscapeLeft UIInterfaceOrientationLandscapeRight";
				INFOPLIST_KEY_UISupportedInterfaceOrientations_iPhone = "UIInterfaceOrientationPortrait UIInterfaceOrientationLandscapeLeft UIInterfaceOrientationLandscapeRight";
				LD_RUNPATH_SEARCH_PATHS = (
					"$(inherited)",
					"@executable_path/Frameworks",
				);
				MARKETING_VERSION = 1.0;
				PRODUCT_BUNDLE_IDENTIFIER = "e-vakker.CoreDataProject";
				PRODUCT_NAME = "$(TARGET_NAME)";
				SWIFT_EMIT_LOC_STRINGS = YES;
				SWIFT_VERSION = 5.0;
				TARGETED_DEVICE_FAMILY = "1,2";
			};
			name = Debug;
		};
		ECAA63542A80383C00012B38 /* Release */ = {
			isa = XCBuildConfiguration;
			buildSettings = {
				ASSETCATALOG_COMPILER_APPICON_NAME = AppIcon;
				ASSETCATALOG_COMPILER_GLOBAL_ACCENT_COLOR_NAME = AccentColor;
				CODE_SIGN_STYLE = Automatic;
				CURRENT_PROJECT_VERSION = 1;
				DEVELOPMENT_ASSET_PATHS = "\"CoreDataProject/Preview Content\"";
				DEVELOPMENT_TEAM = K3GPQDGVF5;
				ENABLE_PREVIEWS = YES;
				GENERATE_INFOPLIST_FILE = YES;
				INFOPLIST_KEY_UIApplicationSceneManifest_Generation = YES;
				INFOPLIST_KEY_UIApplicationSupportsIndirectInputEvents = YES;
				INFOPLIST_KEY_UILaunchScreen_Generation = YES;
				INFOPLIST_KEY_UISupportedInterfaceOrientations_iPad = "UIInterfaceOrientationPortrait UIInterfaceOrientationPortraitUpsideDown UIInterfaceOrientationLandscapeLeft UIInterfaceOrientationLandscapeRight";
				INFOPLIST_KEY_UISupportedInterfaceOrientations_iPhone = "UIInterfaceOrientationPortrait UIInterfaceOrientationLandscapeLeft UIInterfaceOrientationLandscapeRight";
				LD_RUNPATH_SEARCH_PATHS = (
					"$(inherited)",
					"@executable_path/Frameworks",
				);
				MARKETING_VERSION = 1.0;
				PRODUCT_BUNDLE_IDENTIFIER = "e-vakker.CoreDataProject";
				PRODUCT_NAME = "$(TARGET_NAME)";
				SWIFT_EMIT_LOC_STRINGS = YES;
				SWIFT_VERSION = 5.0;
				TARGETED_DEVICE_FAMILY = "1,2";
			};
			name = Release;
		};
/* End XCBuildConfiguration section */

/* Begin XCConfigurationList section */
		ECAA633F2A80383A00012B38 /* Build configuration list for PBXProject "CoreDataProject" */ = {
			isa = XCConfigurationList;
			buildConfigurations = (
				ECAA63502A80383C00012B38 /* Debug */,
				ECAA63512A80383C00012B38 /* Release */,
			);
			defaultConfigurationIsVisible = 0;
			defaultConfigurationName = Release;
		};
		ECAA63522A80383C00012B38 /* Build configuration list for PBXNativeTarget "CoreDataProject" */ = {
			isa = XCConfigurationList;
			buildConfigurations = (
				ECAA63532A80383C00012B38 /* Debug */,
				ECAA63542A80383C00012B38 /* Release */,
			);
			defaultConfigurationIsVisible = 0;
			defaultConfigurationName = Release;
		};
/* End XCConfigurationList section */

/* Begin XCVersionGroup section */
		ECAA63572A8038B900012B38 /* CoreDataProjectApp.xcdatamodeld */ = {
			isa = XCVersionGroup;
			children = (
				ECAA63582A8038B900012B38 /* CoreDataProjectApp.xcdatamodel */,
			);
			currentVersion = ECAA63582A8038B900012B38 /* CoreDataProjectApp.xcdatamodel */;
			path = CoreDataProjectApp.xcdatamodeld;
			sourceTree = "<group>";
			versionGroupType = wrapper.xcdatamodel;
		};
/* End XCVersionGroup section */
	};
	rootObject = ECAA633C2A80383A00012B38 /* Project object */;
}
